
Microsoft Visual Studio Solution File, Format Version 12.00
# Visual Studio Version 16
VisualStudioVersion = 16.0.33529.622
MinimumVisualStudioVersion = 10.0.40219.1
Project("{FAE04EC0-301F-11D3-BF4B-00C04F79EFBC}") = "FountainPlanner4", "FountainPlanner4.csproj", "{7411C094-CF7B-4D6D-AD74-4F842188BCD9}"
EndProject
Project("{2150E333-8FDC-42A3-9474-1A3956D46DE8}") = "Solution Items", "Solution Items", "{06C911C9-1971-4DCE-BA21-095919568A02}"
	ProjectSection(SolutionItems) = preProject
		FixtureWaterMist.cs = FixtureWaterMist.cs
	EndProjectSection
EndProject
Global
	GlobalSection(SolutionConfigurationPlatforms) = preSolution
		Debug|Any CPU = Debug|Any CPU
		Release|Any CPU = Release|Any CPU
	EndGlobalSection
	GlobalSection(ProjectConfigurationPlatforms) = postSolution
		{7411C094-CF7B-4D6D-AD74-4F842188BCD9}.Debug|Any CPU.ActiveCfg = Debug|Any CPU
		{7411C094-CF7B-4D6D-AD74-4F842188BCD9}.Debug|Any CPU.Build.0 = Debug|Any CPU
		{7411C094-CF7B-4D6D-AD74-4F842188BCD9}.Release|Any CPU.ActiveCfg = Release|Any CPU
		{7411C094-CF7B-4D6D-AD74-4F842188BCD9}.Release|Any CPU.Build.0 = Release|Any CPU
	EndGlobalSection
	GlobalSection(SolutionProperties) = preSolution
		HideSolutionNode = FALSE
	EndGlobalSection
	GlobalSection(ExtensibilityGlobals) = postSolution
		SolutionGuid = {5563D175-38CC-4921-9778-E46E4A6A7AF3}
	EndGlobalSection
EndGlobal
